// !$*UTF8*$!
{
	archiveVersion = 1;
	classes = {
	};
	objectVersion = 46;
	objects = {

/* Begin PBXBuildFile section */
		646EA10C1954A08700490249 /* Foundation.framework in Frameworks */ = {isa = PBXBuildFile; fileRef = 646EA10B1954A08700490249 /* Foundation.framework */; };
		646EA10E1954A08700490249 /* CoreGraphics.framework in Frameworks */ = {isa = PBXBuildFile; fileRef = 646EA10D1954A08700490249 /* CoreGraphics.framework */; };
		646EA1101954A08700490249 /* UIKit.framework in Frameworks */ = {isa = PBXBuildFile; fileRef = 646EA10F1954A08700490249 /* UIKit.framework */; };
		646EA1161954A08700490249 /* InfoPlist.strings in Resources */ = {isa = PBXBuildFile; fileRef = 646EA1141954A08700490249 /* InfoPlist.strings */; };
		646EA1181954A08700490249 /* main.m in Sources */ = {isa = PBXBuildFile; fileRef = 646EA1171954A08700490249 /* main.m */; };
		646EA11C1954A08700490249 /* AppDelegate.m in Sources */ = {isa = PBXBuildFile; fileRef = 646EA11B1954A08700490249 /* AppDelegate.m */; };
		646EA11F1954A08700490249 /* Main.storyboard in Resources */ = {isa = PBXBuildFile; fileRef = 646EA11D1954A08700490249 /* Main.storyboard */; };
		646EA1241954A08700490249 /* Images.xcassets in Resources */ = {isa = PBXBuildFile; fileRef = 646EA1231954A08700490249 /* Images.xcassets */; };
		646EA12B1954A08700490249 /* XCTest.framework in Frameworks */ = {isa = PBXBuildFile; fileRef = 646EA12A1954A08700490249 /* XCTest.framework */; };
		646EA12C1954A08700490249 /* Foundation.framework in Frameworks */ = {isa = PBXBuildFile; fileRef = 646EA10B1954A08700490249 /* Foundation.framework */; };
		646EA12D1954A08700490249 /* UIKit.framework in Frameworks */ = {isa = PBXBuildFile; fileRef = 646EA10F1954A08700490249 /* UIKit.framework */; };
		646EA1351954A08700490249 /* InfoPlist.strings in Resources */ = {isa = PBXBuildFile; fileRef = 646EA1331954A08700490249 /* InfoPlist.strings */; };
		646EA1371954A08700490249 /* CryptoTests.m in Sources */ = {isa = PBXBuildFile; fileRef = 646EA1361954A08700490249 /* CryptoTests.m */; };
		649327271954DF5C00A2E0F4 /* MainViewController.m in Sources */ = {isa = PBXBuildFile; fileRef = 649327261954DF5C00A2E0F4 /* MainViewController.m */; };
		649327291955085600A2E0F4 /* MessageUI.framework in Frameworks */ = {isa = PBXBuildFile; fileRef = 649327281955085600A2E0F4 /* MessageUI.framework */; };
		64A578E9195615E6000F450B /* iAd.framework in Frameworks */ = {isa = PBXBuildFile; fileRef = 64A578E8195615E6000F450B /* iAd.framework */; };
		64A578EB19561A55000F450B /* AdSupport.framework in Frameworks */ = {isa = PBXBuildFile; fileRef = 64A578EA19561A55000F450B /* AdSupport.framework */; };
		64D8FECD196254F800ECC83E /* DecryptViewController.m in Sources */ = {isa = PBXBuildFile; fileRef = 64D8FECC196254F800ECC83E /* DecryptViewController.m */; };
/* End PBXBuildFile section */

/* Begin PBXContainerItemProxy section */
		646EA12E1954A08700490249 /* PBXContainerItemProxy */ = {
			isa = PBXContainerItemProxy;
			containerPortal = 646EA1001954A08700490249 /* Project object */;
			proxyType = 1;
			remoteGlobalIDString = 646EA1071954A08700490249;
			remoteInfo = Crypto;
		};
/* End PBXContainerItemProxy section */

/* Begin PBXFileReference section */
		646EA1081954A08700490249 /* Crypto.app */ = {isa = PBXFileReference; explicitFileType = wrapper.application; includeInIndex = 0; path = Crypto.app; sourceTree = BUILT_PRODUCTS_DIR; };
		646EA10B1954A08700490249 /* Foundation.framework */ = {isa = PBXFileReference; lastKnownFileType = wrapper.framework; name = Foundation.framework; path = System/Library/Frameworks/Foundation.framework; sourceTree = SDKROOT; };
		646EA10D1954A08700490249 /* CoreGraphics.framework */ = {isa = PBXFileReference; lastKnownFileType = wrapper.framework; name = CoreGraphics.framework; path = System/Library/Frameworks/CoreGraphics.framework; sourceTree = SDKROOT; };
		646EA10F1954A08700490249 /* UIKit.framework */ = {isa = PBXFileReference; lastKnownFileType = wrapper.framework; name = UIKit.framework; path = System/Library/Frameworks/UIKit.framework; sourceTree = SDKROOT; };
		646EA1131954A08700490249 /* Crypto-Info.plist */ = {isa = PBXFileReference; lastKnownFileType = text.plist.xml; path = "Crypto-Info.plist"; sourceTree = "<group>"; };
		646EA1151954A08700490249 /* en */ = {isa = PBXFileReference; lastKnownFileType = text.plist.strings; name = en; path = en.lproj/InfoPlist.strings; sourceTree = "<group>"; };
		646EA1171954A08700490249 /* main.m */ = {isa = PBXFileReference; lastKnownFileType = sourcecode.c.objc; path = main.m; sourceTree = "<group>"; };
		646EA1191954A08700490249 /* Crypto-Prefix.pch */ = {isa = PBXFileReference; lastKnownFileType = sourcecode.c.h; path = "Crypto-Prefix.pch"; sourceTree = "<group>"; };
		646EA11A1954A08700490249 /* AppDelegate.h */ = {isa = PBXFileReference; lastKnownFileType = sourcecode.c.h; path = AppDelegate.h; sourceTree = "<group>"; };
		646EA11B1954A08700490249 /* AppDelegate.m */ = {isa = PBXFileReference; lastKnownFileType = sourcecode.c.objc; path = AppDelegate.m; sourceTree = "<group>"; };
		646EA11E1954A08700490249 /* Base */ = {isa = PBXFileReference; lastKnownFileType = file.storyboard; name = Base; path = Base.lproj/Main.storyboard; sourceTree = "<group>"; };
		646EA1231954A08700490249 /* Images.xcassets */ = {isa = PBXFileReference; lastKnownFileType = folder.assetcatalog; path = Images.xcassets; sourceTree = "<group>"; };
		646EA1291954A08700490249 /* CryptoTests.xctest */ = {isa = PBXFileReference; explicitFileType = wrapper.cfbundle; includeInIndex = 0; path = CryptoTests.xctest; sourceTree = BUILT_PRODUCTS_DIR; };
		646EA12A1954A08700490249 /* XCTest.framework */ = {isa = PBXFileReference; lastKnownFileType = wrapper.framework; name = XCTest.framework; path = Library/Frameworks/XCTest.framework; sourceTree = DEVELOPER_DIR; };
		646EA1321954A08700490249 /* CryptoTests-Info.plist */ = {isa = PBXFileReference; lastKnownFileType = text.plist.xml; path = "CryptoTests-Info.plist"; sourceTree = "<group>"; };
		646EA1341954A08700490249 /* en */ = {isa = PBXFileReference; lastKnownFileType = text.plist.strings; name = en; path = en.lproj/InfoPlist.strings; sourceTree = "<group>"; };
		646EA1361954A08700490249 /* CryptoTests.m */ = {isa = PBXFileReference; lastKnownFileType = sourcecode.c.objc; path = CryptoTests.m; sourceTree = "<group>"; };
		649327251954DF5C00A2E0F4 /* MainViewController.h */ = {isa = PBXFileReference; fileEncoding = 4; lastKnownFileType = sourcecode.c.h; name = MainViewController.h; path = ../classes/MainViewController.h; sourceTree = "<group>"; };
		649327261954DF5C00A2E0F4 /* MainViewController.m */ = {isa = PBXFileReference; fileEncoding = 4; lastKnownFileType = sourcecode.c.objc; name = MainViewController.m; path = ../classes/MainViewController.m; sourceTree = "<group>"; };
		649327281955085600A2E0F4 /* MessageUI.framework */ = {isa = PBXFileReference; lastKnownFileType = wrapper.framework; name = MessageUI.framework; path = System/Library/Frameworks/MessageUI.framework; sourceTree = SDKROOT; };
		64A578E8195615E6000F450B /* iAd.framework */ = {isa = PBXFileReference; lastKnownFileType = wrapper.framework; name = iAd.framework; path = System/Library/Frameworks/iAd.framework; sourceTree = SDKROOT; };
		64A578EA19561A55000F450B /* AdSupport.framework */ = {isa = PBXFileReference; lastKnownFileType = wrapper.framework; name = AdSupport.framework; path = System/Library/Frameworks/AdSupport.framework; sourceTree = SDKROOT; };
		64D8FECB196254F800ECC83E /* DecryptViewController.h */ = {isa = PBXFileReference; fileEncoding = 4; lastKnownFileType = sourcecode.c.h; name = DecryptViewController.h; path = classes/DecryptViewController.h; sourceTree = SOURCE_ROOT; };
		64D8FECC196254F800ECC83E /* DecryptViewController.m */ = {isa = PBXFileReference; fileEncoding = 4; lastKnownFileType = sourcecode.c.objc; name = DecryptViewController.m; path = classes/DecryptViewController.m; sourceTree = SOURCE_ROOT; };
/* End PBXFileReference section */

/* Begin PBXFrameworksBuildPhase section */
		646EA1051954A08700490249 /* Frameworks */ = {
			isa = PBXFrameworksBuildPhase;
			buildActionMask = 2147483647;
			files = (
				64A578EB19561A55000F450B /* AdSupport.framework in Frameworks */,
				64A578E9195615E6000F450B /* iAd.framework in Frameworks */,
				649327291955085600A2E0F4 /* MessageUI.framework in Frameworks */,
				646EA10E1954A08700490249 /* CoreGraphics.framework in Frameworks */,
				646EA1101954A08700490249 /* UIKit.framework in Frameworks */,
				646EA10C1954A08700490249 /* Foundation.framework in Frameworks */,
			);
			runOnlyForDeploymentPostprocessing = 0;
		};
		646EA1261954A08700490249 /* Frameworks */ = {
			isa = PBXFrameworksBuildPhase;
			buildActionMask = 2147483647;
			files = (
				646EA12B1954A08700490249 /* XCTest.framework in Frameworks */,
				646EA12D1954A08700490249 /* UIKit.framework in Frameworks */,
				646EA12C1954A08700490249 /* Foundation.framework in Frameworks */,
			);
			runOnlyForDeploymentPostprocessing = 0;
		};
/* End PBXFrameworksBuildPhase section */

/* Begin PBXGroup section */
		646EA0FF1954A08700490249 = {
			isa = PBXGroup;
			children = (
				646EA1111954A08700490249 /* Crypto */,
				646EA1301954A08700490249 /* CryptoTests */,
				646EA10A1954A08700490249 /* Frameworks */,
				646EA1091954A08700490249 /* Products */,
			);
			sourceTree = "<group>";
		};
		646EA1091954A08700490249 /* Products */ = {
			isa = PBXGroup;
			children = (
				646EA1081954A08700490249 /* Crypto.app */,
				646EA1291954A08700490249 /* CryptoTests.xctest */,
			);
			name = Products;
			sourceTree = "<group>";
		};
		646EA10A1954A08700490249 /* Frameworks */ = {
			isa = PBXGroup;
			children = (
				64A578EA19561A55000F450B /* AdSupport.framework */,
				64A578E8195615E6000F450B /* iAd.framework */,
				649327281955085600A2E0F4 /* MessageUI.framework */,
				646EA10B1954A08700490249 /* Foundation.framework */,
				646EA10D1954A08700490249 /* CoreGraphics.framework */,
				646EA10F1954A08700490249 /* UIKit.framework */,
				646EA12A1954A08700490249 /* XCTest.framework */,
			);
			name = Frameworks;
			sourceTree = "<group>";
		};
		646EA1111954A08700490249 /* Crypto */ = {
			isa = PBXGroup;
			children = (
				64ACDA0019557452008DA8FC /* iPad */,
				646EA11D1954A08700490249 /* Main.storyboard */,
				649327251954DF5C00A2E0F4 /* MainViewController.h */,
				649327261954DF5C00A2E0F4 /* MainViewController.m */,
				64D8FECB196254F800ECC83E /* DecryptViewController.h */,
				64D8FECC196254F800ECC83E /* DecryptViewController.m */,
				646EA11A1954A08700490249 /* AppDelegate.h */,
				646EA11B1954A08700490249 /* AppDelegate.m */,
				646EA1231954A08700490249 /* Images.xcassets */,
				646EA1121954A08700490249 /* Supporting Files */,
			);
			path = Crypto;
			sourceTree = "<group>";
		};
		646EA1121954A08700490249 /* Supporting Files */ = {
			isa = PBXGroup;
			children = (
				646EA1131954A08700490249 /* Crypto-Info.plist */,
				646EA1141954A08700490249 /* InfoPlist.strings */,
				646EA1171954A08700490249 /* main.m */,
				646EA1191954A08700490249 /* Crypto-Prefix.pch */,
			);
			name = "Supporting Files";
			sourceTree = "<group>";
		};
		646EA1301954A08700490249 /* CryptoTests */ = {
			isa = PBXGroup;
			children = (
				646EA1361954A08700490249 /* CryptoTests.m */,
				646EA1311954A08700490249 /* Supporting Files */,
			);
			path = CryptoTests;
			sourceTree = "<group>";
		};
		646EA1311954A08700490249 /* Supporting Files */ = {
			isa = PBXGroup;
			children = (
				646EA1321954A08700490249 /* CryptoTests-Info.plist */,
				646EA1331954A08700490249 /* InfoPlist.strings */,
			);
			name = "Supporting Files";
			sourceTree = "<group>";
		};
		64ACDA0019557452008DA8FC /* iPad */ = {
			isa = PBXGroup;
			children = (
			);
			name = iPad;
			sourceTree = "<group>";
		};
/* End PBXGroup section */

/* Begin PBXNativeTarget section */
		646EA1071954A08700490249 /* Crypto */ = {
			isa = PBXNativeTarget;
			buildConfigurationList = 646EA13A1954A08700490249 /* Build configuration list for PBXNativeTarget "Crypto" */;
			buildPhases = (
				646EA1041954A08700490249 /* Sources */,
				646EA1051954A08700490249 /* Frameworks */,
				646EA1061954A08700490249 /* Resources */,
			);
			buildRules = (
			);
			dependencies = (
			);
			name = Crypto;
			productName = Crypto;
			productReference = 646EA1081954A08700490249 /* Crypto.app */;
			productType = "com.apple.product-type.application";
		};
		646EA1281954A08700490249 /* CryptoTests */ = {
			isa = PBXNativeTarget;
			buildConfigurationList = 646EA13D1954A08700490249 /* Build configuration list for PBXNativeTarget "CryptoTests" */;
			buildPhases = (
				646EA1251954A08700490249 /* Sources */,
				646EA1261954A08700490249 /* Frameworks */,
				646EA1271954A08700490249 /* Resources */,
			);
			buildRules = (
			);
			dependencies = (
				646EA12F1954A08700490249 /* PBXTargetDependency */,
			);
			name = CryptoTests;
			productName = CryptoTests;
			productReference = 646EA1291954A08700490249 /* CryptoTests.xctest */;
			productType = "com.apple.product-type.bundle.unit-test";
		};
/* End PBXNativeTarget section */

/* Begin PBXProject section */
		646EA1001954A08700490249 /* Project object */ = {
			isa = PBXProject;
			attributes = {
				LastUpgradeCheck = 0510;
				ORGANIZATIONNAME = "Elias Haroun";
				TargetAttributes = {
					646EA1071954A08700490249 = {
						DevelopmentTeam = 9Z99TGZWQV;
					};
					646EA1281954A08700490249 = {
						TestTargetID = 646EA1071954A08700490249;
					};
				};
			};
			buildConfigurationList = 646EA1031954A08700490249 /* Build configuration list for PBXProject "Crypto" */;
			compatibilityVersion = "Xcode 3.2";
			developmentRegion = English;
			hasScannedForEncodings = 0;
			knownRegions = (
				en,
				Base,
			);
			mainGroup = 646EA0FF1954A08700490249;
			productRefGroup = 646EA1091954A08700490249 /* Products */;
			projectDirPath = "";
			projectRoot = "";
			targets = (
				646EA1071954A08700490249 /* Crypto */,
				646EA1281954A08700490249 /* CryptoTests */,
			);
		};
/* End PBXProject section */

/* Begin PBXResourcesBuildPhase section */
		646EA1061954A08700490249 /* Resources */ = {
			isa = PBXResourcesBuildPhase;
			buildActionMask = 2147483647;
			files = (
				646EA1241954A08700490249 /* Images.xcassets in Resources */,
				646EA1161954A08700490249 /* InfoPlist.strings in Resources */,
				646EA11F1954A08700490249 /* Main.storyboard in Resources */,
			);
			runOnlyForDeploymentPostprocessing = 0;
		};
		646EA1271954A08700490249 /* Resources */ = {
			isa = PBXResourcesBuildPhase;
			buildActionMask = 2147483647;
			files = (
				646EA1351954A08700490249 /* InfoPlist.strings in Resources */,
			);
			runOnlyForDeploymentPostprocessing = 0;
		};
/* End PBXResourcesBuildPhase section */

/* Begin PBXSourcesBuildPhase section */
		646EA1041954A08700490249 /* Sources */ = {
			isa = PBXSourcesBuildPhase;
			buildActionMask = 2147483647;
			files = (
				64D8FECD196254F800ECC83E /* DecryptViewController.m in Sources */,
				646EA11C1954A08700490249 /* AppDelegate.m in Sources */,
				649327271954DF5C00A2E0F4 /* MainViewController.m in Sources */,
				646EA1181954A08700490249 /* main.m in Sources */,
			);
			runOnlyForDeploymentPostprocessing = 0;
		};
		646EA1251954A08700490249 /* Sources */ = {
			isa = PBXSourcesBuildPhase;
			buildActionMask = 2147483647;
			files = (
				646EA1371954A08700490249 /* CryptoTests.m in Sources */,
			);
			runOnlyForDeploymentPostprocessing = 0;
		};
/* End PBXSourcesBuildPhase section */

/* Begin PBXTargetDependency section */
		646EA12F1954A08700490249 /* PBXTargetDependency */ = {
			isa = PBXTargetDependency;
			target = 646EA1071954A08700490249 /* Crypto */;
			targetProxy = 646EA12E1954A08700490249 /* PBXContainerItemProxy */;
		};
/* End PBXTargetDependency section */

/* Begin PBXVariantGroup section */
		646EA1141954A08700490249 /* InfoPlist.strings */ = {
			isa = PBXVariantGroup;
			children = (
				646EA1151954A08700490249 /* en */,
			);
			name = InfoPlist.strings;
			sourceTree = "<group>";
		};
		646EA11D1954A08700490249 /* Main.storyboard */ = {
			isa = PBXVariantGroup;
			children = (
				646EA11E1954A08700490249 /* Base */,
			);
			name = Main.storyboard;
			sourceTree = "<group>";
		};
		646EA1331954A08700490249 /* InfoPlist.strings */ = {
			isa = PBXVariantGroup;
			children = (
				646EA1341954A08700490249 /* en */,
			);
			name = InfoPlist.strings;
			sourceTree = "<group>";
		};
/* End PBXVariantGroup section */

/* Begin XCBuildConfiguration section */
		646EA1381954A08700490249 /* Debug */ = {
			isa = XCBuildConfiguration;
			buildSettings = {
				ALWAYS_SEARCH_USER_PATHS = NO;
				CLANG_CXX_LANGUAGE_STANDARD = "gnu++0x";
				CLANG_CXX_LIBRARY = "libc++";
				CLANG_ENABLE_MODULES = YES;
				CLANG_ENABLE_OBJC_ARC = YES;
				CLANG_WARN_BOOL_CONVERSION = YES;
				CLANG_WARN_CONSTANT_CONVERSION = YES;
				CLANG_WARN_DIRECT_OBJC_ISA_USAGE = YES_ERROR;
				CLANG_WARN_EMPTY_BODY = YES;
				CLANG_WARN_ENUM_CONVERSION = YES;
				CLANG_WARN_INT_CONVERSION = YES;
				CLANG_WARN_OBJC_ROOT_CLASS = YES_ERROR;
				CLANG_WARN__DUPLICATE_METHOD_MATCH = YES;
				"CODE_SIGN_IDENTITY[sdk=iphoneos*]" = "iPhone Developer";
				COPY_PHASE_STRIP = NO;
				GCC_C_LANGUAGE_STANDARD = gnu99;
				GCC_DYNAMIC_NO_PIC = NO;
				GCC_OPTIMIZATION_LEVEL = 0;
				GCC_PREPROCESSOR_DEFINITIONS = (
					"DEBUG=1",
					"$(inherited)",
				);
				GCC_SYMBOLS_PRIVATE_EXTERN = NO;
				GCC_WARN_64_TO_32_BIT_CONVERSION = YES;
				GCC_WARN_ABOUT_RETURN_TYPE = YES_ERROR;
				GCC_WARN_UNDECLARED_SELECTOR = YES;
				GCC_WARN_UNINITIALIZED_AUTOS = YES_AGGRESSIVE;
				GCC_WARN_UNUSED_FUNCTION = YES;
				GCC_WARN_UNUSED_VARIABLE = YES;
				IPHONEOS_DEPLOYMENT_TARGET = 7.1;
				ONLY_ACTIVE_ARCH = YES;
				SDKROOT = iphoneos;
			};
			name = Debug;
		};
		646EA1391954A08700490249 /* Release */ = {
			isa = XCBuildConfiguration;
			buildSettings = {
				ALWAYS_SEARCH_USER_PATHS = NO;
				CLANG_CXX_LANGUAGE_STANDARD = "gnu++0x";
				CLANG_CXX_LIBRARY = "libc++";
				CLANG_ENABLE_MODULES = YES;
				CLANG_ENABLE_OBJC_ARC = YES;
				CLANG_WARN_BOOL_CONVERSION = YES;
				CLANG_WARN_CONSTANT_CONVERSION = YES;
				CLANG_WARN_DIRECT_OBJC_ISA_USAGE = YES_ERROR;
				CLANG_WARN_EMPTY_BODY = YES;
				CLANG_WARN_ENUM_CONVERSION = YES;
				CLANG_WARN_INT_CONVERSION = YES;
				CLANG_WARN_OBJC_ROOT_CLASS = YES_ERROR;
				CLANG_WARN__DUPLICATE_METHOD_MATCH = YES;
				"CODE_SIGN_IDENTITY[sdk=iphoneos*]" = "iPhone Developer";
				COPY_PHASE_STRIP = YES;
				ENABLE_NS_ASSERTIONS = NO;
				GCC_C_LANGUAGE_STANDARD = gnu99;
				GCC_WARN_64_TO_32_BIT_CONVERSION = YES;
				GCC_WARN_ABOUT_RETURN_TYPE = YES_ERROR;
				GCC_WARN_UNDECLARED_SELECTOR = YES;
				GCC_WARN_UNINITIALIZED_AUTOS = YES_AGGRESSIVE;
				GCC_WARN_UNUSED_FUNCTION = YES;
				GCC_WARN_UNUSED_VARIABLE = YES;
				IPHONEOS_DEPLOYMENT_TARGET = 7.1;
				SDKROOT = iphoneos;
				VALIDATE_PRODUCT = YES;
			};
			name = Release;
		};
		646EA13B1954A08700490249 /* Debug */ = {
			isa = XCBuildConfiguration;
			buildSettings = {
				ASSETCATALOG_COMPILER_APPICON_NAME = AppIcon;
				ASSETCATALOG_COMPILER_LAUNCHIMAGE_NAME = LaunchImage;
				CODE_SIGN_IDENTITY = "iPhone Developer";
				"CODE_SIGN_IDENTITY[sdk=iphoneos*]" = "iPhone Developer";
				GCC_PRECOMPILE_PREFIX_HEADER = YES;
				GCC_PREFIX_HEADER = "Crypto/Crypto-Prefix.pch";
				INFOPLIST_FILE = "Crypto/Crypto-Info.plist";
				IPHONEOS_DEPLOYMENT_TARGET = 6.1;
				PRODUCT_NAME = "$(TARGET_NAME)";
				PROVISIONING_PROFILE = "";
				TARGETED_DEVICE_FAMILY = 1;
				WRAPPER_EXTENSION = app;
			};
			name = Debug;
		};
		646EA13C1954A08700490249 /* Release */ = {
			isa = XCBuildConfiguration;
			buildSettings = {
				ASSETCATALOG_COMPILER_APPICON_NAME = AppIcon;
				ASSETCATALOG_COMPILER_LAUNCHIMAGE_NAME = LaunchImage;
				CODE_SIGN_IDENTITY = "iPhone Developer";
				"CODE_SIGN_IDENTITY[sdk=iphoneos*]" = "iPhone Developer";
				GCC_PRECOMPILE_PREFIX_HEADER = YES;
				GCC_PREFIX_HEADER = "Crypto/Crypto-Prefix.pch";
				INFOPLIST_FILE = "Crypto/Crypto-Info.plist";
				IPHONEOS_DEPLOYMENT_TARGET = 6.1;
				PRODUCT_NAME = "$(TARGET_NAME)";
				PROVISIONING_PROFILE = "";
				TARGETED_DEVICE_FAMILY = 1;
				WRAPPER_EXTENSION = app;
			};
			name = Release;
		};
		646EA13E1954A08700490249 /* Debug */ = {
			isa = XCBuildConfiguration;
			buildSettings = {
				BUNDLE_LOADER = "$(BUILT_PRODUCTS_DIR)/Crypto.app/Crypto";
				FRAMEWORK_SEARCH_PATHS = (
					"$(SDKROOT)/Developer/Library/Frameworks",
					"$(inherited)",
					"$(DEVELOPER_FRAMEWORKS_DIR)",
				);
				GCC_PRECOMPILE_PREFIX_HEADER = YES;
				GCC_PREFIX_HEADER = "Crypto/Crypto-Prefix.pch";
				GCC_PREPROCESSOR_DEFINITIONS = (
					"DEBUG=1",
					"$(inherited)",
				);
				INFOPLIST_FILE = "CryptoTests/CryptoTests-Info.plist";
				PRODUCT_NAME = "$(TARGET_NAME)";
				TEST_HOST = "$(BUNDLE_LOADER)";
				WRAPPER_EXTENSION = xctest;
			};
			name = Debug;
		};
		646EA13F1954A08700490249 /* Release */ = {
			isa = XCBuildConfiguration;
			buildSettings = {
				BUNDLE_LOADER = "$(BUILT_PRODUCTS_DIR)/Crypto.app/Crypto";
				FRAMEWORK_SEARCH_PATHS = (
					"$(SDKROOT)/Developer/Library/Frameworks",
					"$(inherited)",
					"$(DEVELOPER_FRAMEWORKS_DIR)",
				);
				GCC_PRECOMPILE_PREFIX_HEADER = YES;
				GCC_PREFIX_HEADER = "Crypto/Crypto-Prefix.pch";
				INFOPLIST_FILE = "CryptoTests/CryptoTests-Info.plist";
				PRODUCT_NAME = "$(TARGET_NAME)";
				TEST_HOST = "$(BUNDLE_LOADER)";
				WRAPPER_EXTENSION = xctest;
			};
			name = Release;
		};
/* End XCBuildConfiguration section */

/* Begin XCConfigurationList section */
		646EA1031954A08700490249 /* Build configuration list for PBXProject "Crypto" */ = {
			isa = XCConfigurationList;
			buildConfigurations = (
				646EA1381954A08700490249 /* Debug */,
				646EA1391954A08700490249 /* Release */,
			);
			defaultConfigurationIsVisible = 0;
			defaultConfigurationName = Release;
		};
		646EA13A1954A08700490249 /* Build configuration list for PBXNativeTarget "Crypto" */ = {
			isa = XCConfigurationList;
			buildConfigurations = (
				646EA13B1954A08700490249 /* Debug */,
				646EA13C1954A08700490249 /* Release */,
			);
			defaultConfigurationIsVisible = 0;
			defaultConfigurationName = Release;
		};
		646EA13D1954A08700490249 /* Build configuration list for PBXNativeTarget "CryptoTests" */ = {
			isa = XCConfigurationList;
			buildConfigurations = (
				646EA13E1954A08700490249 /* Debug */,
				646EA13F1954A08700490249 /* Release */,
			);
			defaultConfigurationIsVisible = 0;
			defaultConfigurationName = Release;
		};
/* End XCConfigurationList section */
	};
	rootObject = 646EA1001954A08700490249 /* Project object */;
}
